// !$*UTF8*$!
{
	archiveVersion = 1;
	classes = {
	};
	objectVersion = 46;
	objects = {

/* Begin PBXBuildFile section */
		C6A011DB1C4FEBEB00DAE779 /* AppDelegate.swift in Sources */ = {isa = PBXBuildFile; fileRef = C6A011DA1C4FEBEB00DAE779 /* AppDelegate.swift */; };
		C6A011DD1C4FEBEB00DAE779 /* ViewController.swift in Sources */ = {isa = PBXBuildFile; fileRef = C6A011DC1C4FEBEB00DAE779 /* ViewController.swift */; };
		C6A011E01C4FEBEB00DAE779 /* Main.storyboard in Resources */ = {isa = PBXBuildFile; fileRef = C6A011DE1C4FEBEB00DAE779 /* Main.storyboard */; };
		C6A011E21C4FEBEB00DAE779 /* Assets.xcassets in Resources */ = {isa = PBXBuildFile; fileRef = C6A011E11C4FEBEB00DAE779 /* Assets.xcassets */; };
		C6A011E51C4FEBEB00DAE779 /* LaunchScreen.storyboard in Resources */ = {isa = PBXBuildFile; fileRef = C6A011E31C4FEBEB00DAE779 /* LaunchScreen.storyboard */; };
		C6A011F01C4FEBEB00DAE779 /* iNovelTests.swift in Sources */ = {isa = PBXBuildFile; fileRef = C6A011EF1C4FEBEB00DAE779 /* iNovelTests.swift */; };
		C6A011FB1C4FEBEB00DAE779 /* iNovelUITests.swift in Sources */ = {isa = PBXBuildFile; fileRef = C6A011FA1C4FEBEB00DAE779 /* iNovelUITests.swift */; };
/* End PBXBuildFile section */

/* Begin PBXContainerItemProxy section */
		C6A011EC1C4FEBEB00DAE779 /* PBXContainerItemProxy */ = {
			isa = PBXContainerItemProxy;
			containerPortal = C6A011CF1C4FEBEB00DAE779 /* Project object */;
			proxyType = 1;
			remoteGlobalIDString = C6A011D61C4FEBEB00DAE779;
			remoteInfo = iNovel;
		};
		C6A011F71C4FEBEB00DAE779 /* PBXContainerItemProxy */ = {
			isa = PBXContainerItemProxy;
			containerPortal = C6A011CF1C4FEBEB00DAE779 /* Project object */;
			proxyType = 1;
			remoteGlobalIDString = C6A011D61C4FEBEB00DAE779;
			remoteInfo = iNovel;
		};
/* End PBXContainerItemProxy section */

/* Begin PBXFileReference section */
		C6A011D71C4FEBEB00DAE779 /* iNovel.app */ = {isa = PBXFileReference; explicitFileType = wrapper.application; includeInIndex = 0; path = iNovel.app; sourceTree = BUILT_PRODUCTS_DIR; };
		C6A011DA1C4FEBEB00DAE779 /* AppDelegate.swift */ = {isa = PBXFileReference; lastKnownFileType = sourcecode.swift; path = AppDelegate.swift; sourceTree = "<group>"; };
		C6A011DC1C4FEBEB00DAE779 /* ViewController.swift */ = {isa = PBXFileReference; lastKnownFileType = sourcecode.swift; path = ViewController.swift; sourceTree = "<group>"; };
		C6A011DF1C4FEBEB00DAE779 /* Base */ = {isa = PBXFileReference; lastKnownFileType = file.storyboard; name = Base; path = Base.lproj/Main.storyboard; sourceTree = "<group>"; };
		C6A011E11C4FEBEB00DAE779 /* Assets.xcassets */ = {isa = PBXFileReference; lastKnownFileType = folder.assetcatalog; path = Assets.xcassets; sourceTree = "<group>"; };
		C6A011E41C4FEBEB00DAE779 /* Base */ = {isa = PBXFileReference; lastKnownFileType = file.storyboard; name = Base; path = Base.lproj/LaunchScreen.storyboard; sourceTree = "<group>"; };
		C6A011E61C4FEBEB00DAE779 /* Info.plist */ = {isa = PBXFileReference; lastKnownFileType = text.plist.xml; path = Info.plist; sourceTree = "<group>"; };
		C6A011EB1C4FEBEB00DAE779 /* iNovelTests.xctest */ = {isa = PBXFileReference; explicitFileType = wrapper.cfbundle; includeInIndex = 0; path = iNovelTests.xctest; sourceTree = BUILT_PRODUCTS_DIR; };
		C6A011EF1C4FEBEB00DAE779 /* iNovelTests.swift */ = {isa = PBXFileReference; lastKnownFileType = sourcecode.swift; path = iNovelTests.swift; sourceTree = "<group>"; };
		C6A011F11C4FEBEB00DAE779 /* Info.plist */ = {isa = PBXFileReference; lastKnownFileType = text.plist.xml; path = Info.plist; sourceTree = "<group>"; };
		C6A011F61C4FEBEB00DAE779 /* iNovelUITests.xctest */ = {isa = PBXFileReference; explicitFileType = wrapper.cfbundle; includeInIndex = 0; path = iNovelUITests.xctest; sourceTree = BUILT_PRODUCTS_DIR; };
		C6A011FA1C4FEBEB00DAE779 /* iNovelUITests.swift */ = {isa = PBXFileReference; lastKnownFileType = sourcecode.swift; path = iNovelUITests.swift; sourceTree = "<group>"; };
		C6A011FC1C4FEBEB00DAE779 /* Info.plist */ = {isa = PBXFileReference; lastKnownFileType = text.plist.xml; path = Info.plist; sourceTree = "<group>"; };
/* End PBXFileReference section */

/* Begin PBXFrameworksBuildPhase section */
		C6A011D41C4FEBEB00DAE779 /* Frameworks */ = {
			isa = PBXFrameworksBuildPhase;
			buildActionMask = 2147483647;
			files = (
			);
			runOnlyForDeploymentPostprocessing = 0;
		};
		C6A011E81C4FEBEB00DAE779 /* Frameworks */ = {
			isa = PBXFrameworksBuildPhase;
			buildActionMask = 2147483647;
			files = (
			);
			runOnlyForDeploymentPostprocessing = 0;
		};
		C6A011F31C4FEBEB00DAE779 /* Frameworks */ = {
			isa = PBXFrameworksBuildPhase;
			buildActionMask = 2147483647;
			files = (
			);
			runOnlyForDeploymentPostprocessing = 0;
		};
/* End PBXFrameworksBuildPhase section */

/* Begin PBXGroup section */
		C6A011CE1C4FEBEB00DAE779 = {
			isa = PBXGroup;
			children = (
				C6A011D91C4FEBEB00DAE779 /* iNovel */,
				C6A011EE1C4FEBEB00DAE779 /* iNovelTests */,
				C6A011F91C4FEBEB00DAE779 /* iNovelUITests */,
				C6A011D81C4FEBEB00DAE779 /* Products */,
			);
			sourceTree = "<group>";
		};
		C6A011D81C4FEBEB00DAE779 /* Products */ = {
			isa = PBXGroup;
			children = (
				C6A011D71C4FEBEB00DAE779 /* iNovel.app */,
				C6A011EB1C4FEBEB00DAE779 /* iNovelTests.xctest */,
				C6A011F61C4FEBEB00DAE779 /* iNovelUITests.xctest */,
			);
			name = Products;
			sourceTree = "<group>";
		};
		C6A011D91C4FEBEB00DAE779 /* iNovel */ = {
			isa = PBXGroup;
			children = (
				C6A011DA1C4FEBEB00DAE779 /* AppDelegate.swift */,
				C6A011DC1C4FEBEB00DAE779 /* ViewController.swift */,
				C6A011DE1C4FEBEB00DAE779 /* Main.storyboard */,
				C6A011E11C4FEBEB00DAE779 /* Assets.xcassets */,
				C6A011E31C4FEBEB00DAE779 /* LaunchScreen.storyboard */,
				C6A011E61C4FEBEB00DAE779 /* Info.plist */,
			);
			path = iNovel;
			sourceTree = "<group>";
		};
		C6A011EE1C4FEBEB00DAE779 /* iNovelTests */ = {
			isa = PBXGroup;
			children = (
				C6A011EF1C4FEBEB00DAE779 /* iNovelTests.swift */,
				C6A011F11C4FEBEB00DAE779 /* Info.plist */,
			);
			path = iNovelTests;
			sourceTree = "<group>";
		};
		C6A011F91C4FEBEB00DAE779 /* iNovelUITests */ = {
			isa = PBXGroup;
			children = (
				C6A011FA1C4FEBEB00DAE779 /* iNovelUITests.swift */,
				C6A011FC1C4FEBEB00DAE779 /* Info.plist */,
			);
			path = iNovelUITests;
			sourceTree = "<group>";
		};
/* End PBXGroup section */

/* Begin PBXNativeTarget section */
		C6A011D61C4FEBEB00DAE779 /* iNovel */ = {
			isa = PBXNativeTarget;
			buildConfigurationList = C6A011FF1C4FEBEB00DAE779 /* Build configuration list for PBXNativeTarget "iNovel" */;
			buildPhases = (
				C6A011D31C4FEBEB00DAE779 /* Sources */,
				C6A011D41C4FEBEB00DAE779 /* Frameworks */,
				C6A011D51C4FEBEB00DAE779 /* Resources */,
			);
			buildRules = (
			);
			dependencies = (
			);
			name = iNovel;
			productName = iNovel;
			productReference = C6A011D71C4FEBEB00DAE779 /* iNovel.app */;
			productType = "com.apple.product-type.application";
		};
		C6A011EA1C4FEBEB00DAE779 /* iNovelTests */ = {
			isa = PBXNativeTarget;
			buildConfigurationList = C6A012021C4FEBEB00DAE779 /* Build configuration list for PBXNativeTarget "iNovelTests" */;
			buildPhases = (
				C6A011E71C4FEBEB00DAE779 /* Sources */,
				C6A011E81C4FEBEB00DAE779 /* Frameworks */,
				C6A011E91C4FEBEB00DAE779 /* Resources */,
			);
			buildRules = (
			);
			dependencies = (
				C6A011ED1C4FEBEB00DAE779 /* PBXTargetDependency */,
			);
			name = iNovelTests;
			productName = iNovelTests;
			productReference = C6A011EB1C4FEBEB00DAE779 /* iNovelTests.xctest */;
			productType = "com.apple.product-type.bundle.unit-test";
		};
		C6A011F51C4FEBEB00DAE779 /* iNovelUITests */ = {
			isa = PBXNativeTarget;
			buildConfigurationList = C6A012051C4FEBEB00DAE779 /* Build configuration list for PBXNativeTarget "iNovelUITests" */;
			buildPhases = (
				C6A011F21C4FEBEB00DAE779 /* Sources */,
				C6A011F31C4FEBEB00DAE779 /* Frameworks */,
				C6A011F41C4FEBEB00DAE779 /* Resources */,
			);
			buildRules = (
			);
			dependencies = (
				C6A011F81C4FEBEB00DAE779 /* PBXTargetDependency */,
			);
			name = iNovelUITests;
			productName = iNovelUITests;
			productReference = C6A011F61C4FEBEB00DAE779 /* iNovelUITests.xctest */;
			productType = "com.apple.product-type.bundle.ui-testing";
		};
/* End PBXNativeTarget section */

/* Begin PBXProject section */
		C6A011CF1C4FEBEB00DAE779 /* Project object */ = {
			isa = PBXProject;
			attributes = {
				LastSwiftUpdateCheck = 0720;
				LastUpgradeCheck = 0720;
				ORGANIZATIONNAME = sebbecapitan;
				TargetAttributes = {
					C6A011D61C4FEBEB00DAE779 = {
						CreatedOnToolsVersion = 7.2;
					};
					C6A011EA1C4FEBEB00DAE779 = {
						CreatedOnToolsVersion = 7.2;
						TestTargetID = C6A011D61C4FEBEB00DAE779;
					};
					C6A011F51C4FEBEB00DAE779 = {
						CreatedOnToolsVersion = 7.2;
						TestTargetID = C6A011D61C4FEBEB00DAE779;
					};
				};
			};
			buildConfigurationList = C6A011D21C4FEBEB00DAE779 /* Build configuration list for PBXProject "iNovel" */;
			compatibilityVersion = "Xcode 3.2";
			developmentRegion = English;
			hasScannedForEncodings = 0;
			knownRegions = (
				en,
				Base,
			);
			mainGroup = C6A011CE1C4FEBEB00DAE779;
			productRefGroup = C6A011D81C4FEBEB00DAE779 /* Products */;
			projectDirPath = "";
			projectRoot = "";
			targets = (
				C6A011D61C4FEBEB00DAE779 /* iNovel */,
				C6A011EA1C4FEBEB00DAE779 /* iNovelTests */,
				C6A011F51C4FEBEB00DAE779 /* iNovelUITests */,
			);
		};
/* End PBXProject section */

/* Begin PBXResourcesBuildPhase section */
		C6A011D51C4FEBEB00DAE779 /* Resources */ = {
			isa = PBXResourcesBuildPhase;
			buildActionMask = 2147483647;
			files = (
				C6A011E51C4FEBEB00DAE779 /* LaunchScreen.storyboard in Resources */,
				C6A011E21C4FEBEB00DAE779 /* Assets.xcassets in Resources */,
				C6A011E01C4FEBEB00DAE779 /* Main.storyboard in Resources */,
			);
			runOnlyForDeploymentPostprocessing = 0;
		};
		C6A011E91C4FEBEB00DAE779 /* Resources */ = {
			isa = PBXResourcesBuildPhase;
			buildActionMask = 2147483647;
			files = (
			);
			runOnlyForDeploymentPostprocessing = 0;
		};
		C6A011F41C4FEBEB00DAE779 /* Resources */ = {
			isa = PBXResourcesBuildPhase;
			buildActionMask = 2147483647;
			files = (
			);
			runOnlyForDeploymentPostprocessing = 0;
		};
/* End PBXResourcesBuildPhase section */

/* Begin PBXSourcesBuildPhase section */
		C6A011D31C4FEBEB00DAE779 /* Sources */ = {
			isa = PBXSourcesBuildPhase;
			buildActionMask = 2147483647;
			files = (
				C6A011DD1C4FEBEB00DAE779 /* ViewController.swift in Sources */,
				C6A011DB1C4FEBEB00DAE779 /* AppDelegate.swift in Sources */,
			);
			runOnlyForDeploymentPostprocessing = 0;
		};
		C6A011E71C4FEBEB00DAE779 /* Sources */ = {
			isa = PBXSourcesBuildPhase;
			buildActionMask = 2147483647;
			files = (
				C6A011F01C4FEBEB00DAE779 /* iNovelTests.swift in Sources */,
			);
			runOnlyForDeploymentPostprocessing = 0;
		};
		C6A011F21C4FEBEB00DAE779 /* Sources */ = {
			isa = PBXSourcesBuildPhase;
			buildActionMask = 2147483647;
			files = (
				C6A011FB1C4FEBEB00DAE779 /* iNovelUITests.swift in Sources */,
			);
			runOnlyForDeploymentPostprocessing = 0;
		};
/* End PBXSourcesBuildPhase section */

/* Begin PBXTargetDependency section */
		C6A011ED1C4FEBEB00DAE779 /* PBXTargetDependency */ = {
			isa = PBXTargetDependency;
			target = C6A011D61C4FEBEB00DAE779 /* iNovel */;
			targetProxy = C6A011EC1C4FEBEB00DAE779 /* PBXContainerItemProxy */;
		};
		C6A011F81C4FEBEB00DAE779 /* PBXTargetDependency */ = {
			isa = PBXTargetDependency;
			target = C6A011D61C4FEBEB00DAE779 /* iNovel */;
			targetProxy = C6A011F71C4FEBEB00DAE779 /* PBXContainerItemProxy */;
		};
/* End PBXTargetDependency section */

/* Begin PBXVariantGroup section */
		C6A011DE1C4FEBEB00DAE779 /* Main.storyboard */ = {
			isa = PBXVariantGroup;
			children = (
				C6A011DF1C4FEBEB00DAE779 /* Base */,
			);
			name = Main.storyboard;
			sourceTree = "<group>";
		};
		C6A011E31C4FEBEB00DAE779 /* LaunchScreen.storyboard */ = {
			isa = PBXVariantGroup;
			children = (
				C6A011E41C4FEBEB00DAE779 /* Base */,
			);
			name = LaunchScreen.storyboard;
			sourceTree = "<group>";
		};
/* End PBXVariantGroup section */

/* Begin XCBuildConfiguration section */
		C6A011FD1C4FEBEB00DAE779 /* Debug */ = {
			isa = XCBuildConfiguration;
			buildSettings = {
				ALWAYS_SEARCH_USER_PATHS = NO;
				CLANG_CXX_LANGUAGE_STANDARD = "gnu++0x";
				CLANG_CXX_LIBRARY = "libc++";
				CLANG_ENABLE_MODULES = YES;
				CLANG_ENABLE_OBJC_ARC = YES;
				CLANG_WARN_BOOL_CONVERSION = YES;
				CLANG_WARN_CONSTANT_CONVERSION = YES;
				CLANG_WARN_DIRECT_OBJC_ISA_USAGE = YES_ERROR;
				CLANG_WARN_EMPTY_BODY = YES;
				CLANG_WARN_ENUM_CONVERSION = YES;
				CLANG_WARN_INT_CONVERSION = YES;
				CLANG_WARN_OBJC_ROOT_CLASS = YES_ERROR;
				CLANG_WARN_UNREACHABLE_CODE = YES;
				CLANG_WARN__DUPLICATE_METHOD_MATCH = YES;
				"CODE_SIGN_IDENTITY[sdk=iphoneos*]" = "iPhone Developer";
				COPY_PHASE_STRIP = NO;
				DEBUG_INFORMATION_FORMAT = dwarf;
				ENABLE_STRICT_OBJC_MSGSEND = YES;
				ENABLE_TESTABILITY = YES;
				GCC_C_LANGUAGE_STANDARD = gnu99;
				GCC_DYNAMIC_NO_PIC = NO;
				GCC_NO_COMMON_BLOCKS = YES;
				GCC_OPTIMIZATION_LEVEL = 0;
				GCC_PREPROCESSOR_DEFINITIONS = (
					"DEBUG=1",
					"$(inherited)",
				);
				GCC_WARN_64_TO_32_BIT_CONVERSION = YES;
				GCC_WARN_ABOUT_RETURN_TYPE = YES_ERROR;
				GCC_WARN_UNDECLARED_SELECTOR = YES;
				GCC_WARN_UNINITIALIZED_AUTOS = YES_AGGRESSIVE;
				GCC_WARN_UNUSED_FUNCTION = YES;
				GCC_WARN_UNUSED_VARIABLE = YES;
				IPHONEOS_DEPLOYMENT_TARGET = 9.2;
				MTL_ENABLE_DEBUG_INFO = YES;
				ONLY_ACTIVE_ARCH = YES;
				SDKROOT = iphoneos;
				SWIFT_OPTIMIZATION_LEVEL = "-Onone";
				TARGETED_DEVICE_FAMILY = "1,2";
			};
			name = Debug;
		};
		C6A011FE1C4FEBEB00DAE779 /* Release */ = {
			isa = XCBuildConfiguration;
			buildSettings = {
				ALWAYS_SEARCH_USER_PATHS = NO;
				CLANG_CXX_LANGUAGE_STANDARD = "gnu++0x";
				CLANG_CXX_LIBRARY = "libc++";
				CLANG_ENABLE_MODULES = YES;
				CLANG_ENABLE_OBJC_ARC = YES;
				CLANG_WARN_BOOL_CONVERSION = YES;
				CLANG_WARN_CONSTANT_CONVERSION = YES;
				CLANG_WARN_DIRECT_OBJC_ISA_USAGE = YES_ERROR;
				CLANG_WARN_EMPTY_BODY = YES;
				CLANG_WARN_ENUM_CONVERSION = YES;
				CLANG_WARN_INT_CONVERSION = YES;
				CLANG_WARN_OBJC_ROOT_CLASS = YES_ERROR;
				CLANG_WARN_UNREACHABLE_CODE = YES;
				CLANG_WARN__DUPLICATE_METHOD_MATCH = YES;
				"CODE_SIGN_IDENTITY[sdk=iphoneos*]" = "iPhone Developer";
				COPY_PHASE_STRIP = NO;
				DEBUG_INFORMATION_FORMAT = "dwarf-with-dsym";
				ENABLE_NS_ASSERTIONS = NO;
				ENABLE_STRICT_OBJC_MSGSEND = YES;
				GCC_C_LANGUAGE_STANDARD = gnu99;
				GCC_NO_COMMON_BLOCKS = YES;
				GCC_WARN_64_TO_32_BIT_CONVERSION = YES;
				GCC_WARN_ABOUT_RETURN_TYPE = YES_ERROR;
				GCC_WARN_UNDECLARED_SELECTOR = YES;
				GCC_WARN_UNINITIALIZED_AUTOS = YES_AGGRESSIVE;
				GCC_WARN_UNUSED_FUNCTION = YES;
				GCC_WARN_UNUSED_VARIABLE = YES;
				IPHONEOS_DEPLOYMENT_TARGET = 9.2;
				MTL_ENABLE_DEBUG_INFO = NO;
				SDKROOT = iphoneos;
				TARGETED_DEVICE_FAMILY = "1,2";
				VALIDATE_PRODUCT = YES;
			};
			name = Release;
		};
		C6A012001C4FEBEB00DAE779 /* Debug */ = {
			isa = XCBuildConfiguration;
			buildSettings = {
				ASSETCATALOG_COMPILER_APPICON_NAME = AppIcon;
				INFOPLIST_FILE = iNovel/Info.plist;
				LD_RUNPATH_SEARCH_PATHS = "$(inherited) @executable_path/Frameworks";
				PRODUCT_BUNDLE_IDENTIFIER = mememaster.inc.iNovel;
				PRODUCT_NAME = "$(TARGET_NAME)";
			};
			name = Debug;
		};
		C6A012011C4FEBEB00DAE779 /* Release */ = {
			isa = XCBuildConfiguration;
			buildSettings = {
				ASSETCATALOG_COMPILER_APPICON_NAME = AppIcon;
				INFOPLIST_FILE = iNovel/Info.plist;
				LD_RUNPATH_SEARCH_PATHS = "$(inherited) @executable_path/Frameworks";
				PRODUCT_BUNDLE_IDENTIFIER = mememaster.inc.iNovel;
				PRODUCT_NAME = "$(TARGET_NAME)";
			};
			name = Release;
		};
		C6A012031C4FEBEB00DAE779 /* Debug */ = {
			isa = XCBuildConfiguration;
			buildSettings = {
				BUNDLE_LOADER = "$(TEST_HOST)";
				INFOPLIST_FILE = iNovelTests/Info.plist;
				LD_RUNPATH_SEARCH_PATHS = "$(inherited) @executable_path/Frameworks @loader_path/Frameworks";
				PRODUCT_BUNDLE_IDENTIFIER = mememaster.inc.iNovelTests;
				PRODUCT_NAME = "$(TARGET_NAME)";
				TEST_HOST = "$(BUILT_PRODUCTS_DIR)/iNovel.app/iNovel";
			};
			name = Debug;
		};
		C6A012041C4FEBEB00DAE779 /* Release */ = {
			isa = XCBuildConfiguration;
			buildSettings = {
				BUNDLE_LOADER = "$(TEST_HOST)";
				INFOPLIST_FILE = iNovelTests/Info.plist;
				LD_RUNPATH_SEARCH_PATHS = "$(inherited) @executable_path/Frameworks @loader_path/Frameworks";
				PRODUCT_BUNDLE_IDENTIFIER = mememaster.inc.iNovelTests;
				PRODUCT_NAME = "$(TARGET_NAME)";
				TEST_HOST = "$(BUILT_PRODUCTS_DIR)/iNovel.app/iNovel";
			};
			name = Release;
		};
		C6A012061C4FEBEB00DAE779 /* Debug */ = {
			isa = XCBuildConfiguration;
			buildSettings = {
				INFOPLIST_FILE = iNovelUITests/Info.plist;
				LD_RUNPATH_SEARCH_PATHS = "$(inherited) @executable_path/Frameworks @loader_path/Frameworks";
				PRODUCT_BUNDLE_IDENTIFIER = mememaster.inc.iNovelUITests;
				PRODUCT_NAME = "$(TARGET_NAME)";
				TEST_TARGET_NAME = iNovel;
				USES_XCTRUNNER = YES;
			};
			name = Debug;
		};
		C6A012071C4FEBEB00DAE779 /* Release */ = {
			isa = XCBuildConfiguration;
			buildSettings = {
				INFOPLIST_FILE = iNovelUITests/Info.plist;
				LD_RUNPATH_SEARCH_PATHS = "$(inherited) @executable_path/Frameworks @loader_path/Frameworks";
				PRODUCT_BUNDLE_IDENTIFIER = mememaster.inc.iNovelUITests;
				PRODUCT_NAME = "$(TARGET_NAME)";
				TEST_TARGET_NAME = iNovel;
				USES_XCTRUNNER = YES;
			};
			name = Release;
		};
/* End XCBuildConfiguration section */

/* Begin XCConfigurationList section */
		C6A011D21C4FEBEB00DAE779 /* Build configuration list for PBXProject "iNovel" */ = {
			isa = XCConfigurationList;
			buildConfigurations = (
				C6A011FD1C4FEBEB00DAE779 /* Debug */,
				C6A011FE1C4FEBEB00DAE779 /* Release */,
			);
			defaultConfigurationIsVisible = 0;
			defaultConfigurationName = Release;
		};
		C6A011FF1C4FEBEB00DAE779 /* Build configuration list for PBXNativeTarget "iNovel" */ = {
			isa = XCConfigurationList;
			buildConfigurations = (
				C6A012001C4FEBEB00DAE779 /* Debug */,
				C6A012011C4FEBEB00DAE779 /* Release */,
			);
			defaultConfigurationIsVisible = 0;
		};
		C6A012021C4FEBEB00DAE779 /* Build configuration list for PBXNativeTarget "iNovelTests" */ = {
			isa = XCConfigurationList;
			buildConfigurations = (
				C6A012031C4FEBEB00DAE779 /* Debug */,
				C6A012041C4FEBEB00DAE779 /* Release */,
			);
			defaultConfigurationIsVisible = 0;
		};
		C6A012051C4FEBEB00DAE779 /* Build configuration list for PBXNativeTarget "iNovelUITests" */ = {
			isa = XCConfigurationList;
			buildConfigurations = (
				C6A012061C4FEBEB00DAE779 /* Debug */,
				C6A012071C4FEBEB00DAE779 /* Release */,
			);
			defaultConfigurationIsVisible = 0;
		};
/* End XCConfigurationList section */
	};
	rootObject = C6A011CF1C4FEBEB00DAE779 /* Project object */;
}
